
Microsoft Visual Studio Solution File, Format Version 12.00
# Visual Studio Version 16
VisualStudioVersion = 16.0.31321.278
MinimumVisualStudioVersion = 10.0.40219.1
Project("{FAE04EC0-301F-11D3-BF4B-00C04F79EFBC}") = "UdemyDotNetCoreGitHubExample", "UdemyDotNetCoreGitHubExample\UdemyDotNetCoreGitHubExample.csproj", "{B224A4FA-2F97-4EF3-B5C9-2AE6CFD94FAD}"
EndProject
Global
	GlobalSection(SolutionConfigurationPlatforms) = preSolution
		Debug|Any CPU = Debug|Any CPU
		Release|Any CPU = Release|Any CPU
	EndGlobalSection
	GlobalSection(ProjectConfigurationPlatforms) = postSolution
		{B224A4FA-2F97-4EF3-B5C9-2AE6CFD94FAD}.Debug|Any CPU.ActiveCfg = Debug|Any CPU
		{B224A4FA-2F97-4EF3-B5C9-2AE6CFD94FAD}.Debug|Any CPU.Build.0 = Debug|Any CPU
		{B224A4FA-2F97-4EF3-B5C9-2AE6CFD94FAD}.Release|Any CPU.ActiveCfg = Release|Any CPU
		{B224A4FA-2F97-4EF3-B5C9-2AE6CFD94FAD}.Release|Any CPU.Build.0 = Release|Any CPU
	EndGlobalSection
	GlobalSection(SolutionProperties) = preSolution
		HideSolutionNode = FALSE
	EndGlobalSection
	GlobalSection(ExtensibilityGlobals) = postSolution
		SolutionGuid = {E70CD804-D6A7-4796-A606-C7304623F853}
	EndGlobalSection
EndGlobal
